// !$*UTF8*$!
{
	archiveVersion = 1;
	classes = {
	};
	objectVersion = 46;
	objects = {

/* Begin PBXBuildFile section */
		F718BCD71A6DCA9E001C3E1D /* main.m in Sources */ = {isa = PBXBuildFile; fileRef = F718BCD61A6DCA9E001C3E1D /* main.m */; };
		F718BCDA1A6DCA9E001C3E1D /* AppDelegate.m in Sources */ = {isa = PBXBuildFile; fileRef = F718BCD91A6DCA9E001C3E1D /* AppDelegate.m */; };
		F718BCDD1A6DCA9E001C3E1D /* cs198MP1.xcdatamodeld in Sources */ = {isa = PBXBuildFile; fileRef = F718BCDB1A6DCA9E001C3E1D /* cs198MP1.xcdatamodeld */; };
		F718BCE01A6DCA9E001C3E1D /* ViewController.m in Sources */ = {isa = PBXBuildFile; fileRef = F718BCDF1A6DCA9E001C3E1D /* ViewController.m */; };
		F718BCE31A6DCA9E001C3E1D /* Main.storyboard in Resources */ = {isa = PBXBuildFile; fileRef = F718BCE11A6DCA9E001C3E1D /* Main.storyboard */; };
		F718BCE51A6DCA9E001C3E1D /* Images.xcassets in Resources */ = {isa = PBXBuildFile; fileRef = F718BCE41A6DCA9E001C3E1D /* Images.xcassets */; };
		F718BCE81A6DCA9E001C3E1D /* LaunchScreen.xib in Resources */ = {isa = PBXBuildFile; fileRef = F718BCE61A6DCA9E001C3E1D /* LaunchScreen.xib */; };
		F718BCF41A6DCA9E001C3E1D /* cs198MP1Tests.m in Sources */ = {isa = PBXBuildFile; fileRef = F718BCF31A6DCA9E001C3E1D /* cs198MP1Tests.m */; };
		F718BCFE1A6DCC13001C3E1D /* card.m in Sources */ = {isa = PBXBuildFile; fileRef = F718BCFD1A6DCC13001C3E1D /* card.m */; };
		F718BD031A6DCF23001C3E1D /* Deck.m in Sources */ = {isa = PBXBuildFile; fileRef = F718BD021A6DCF23001C3E1D /* Deck.m */; };
/* End PBXBuildFile section */

/* Begin PBXContainerItemProxy section */
		F718BCEE1A6DCA9E001C3E1D /* PBXContainerItemProxy */ = {
			isa = PBXContainerItemProxy;
			containerPortal = F718BCC91A6DCA9E001C3E1D /* Project object */;
			proxyType = 1;
			remoteGlobalIDString = F718BCD01A6DCA9E001C3E1D;
			remoteInfo = cs198MP1;
		};
/* End PBXContainerItemProxy section */

/* Begin PBXFileReference section */
		F718BCD11A6DCA9E001C3E1D /* cs198MP1.app */ = {isa = PBXFileReference; explicitFileType = wrapper.application; includeInIndex = 0; path = cs198MP1.app; sourceTree = BUILT_PRODUCTS_DIR; };
		F718BCD51A6DCA9E001C3E1D /* Info.plist */ = {isa = PBXFileReference; lastKnownFileType = text.plist.xml; path = Info.plist; sourceTree = "<group>"; };
		F718BCD61A6DCA9E001C3E1D /* main.m */ = {isa = PBXFileReference; lastKnownFileType = sourcecode.c.objc; path = main.m; sourceTree = "<group>"; };
		F718BCD81A6DCA9E001C3E1D /* AppDelegate.h */ = {isa = PBXFileReference; lastKnownFileType = sourcecode.c.h; path = AppDelegate.h; sourceTree = "<group>"; };
		F718BCD91A6DCA9E001C3E1D /* AppDelegate.m */ = {isa = PBXFileReference; lastKnownFileType = sourcecode.c.objc; path = AppDelegate.m; sourceTree = "<group>"; };
		F718BCDC1A6DCA9E001C3E1D /* cs198MP1.xcdatamodel */ = {isa = PBXFileReference; lastKnownFileType = wrapper.xcdatamodel; path = cs198MP1.xcdatamodel; sourceTree = "<group>"; };
		F718BCDE1A6DCA9E001C3E1D /* ViewController.h */ = {isa = PBXFileReference; lastKnownFileType = sourcecode.c.h; path = ViewController.h; sourceTree = "<group>"; };
		F718BCDF1A6DCA9E001C3E1D /* ViewController.m */ = {isa = PBXFileReference; lastKnownFileType = sourcecode.c.objc; path = ViewController.m; sourceTree = "<group>"; };
		F718BCE21A6DCA9E001C3E1D /* Base */ = {isa = PBXFileReference; lastKnownFileType = file.storyboard; name = Base; path = Base.lproj/Main.storyboard; sourceTree = "<group>"; };
		F718BCE41A6DCA9E001C3E1D /* Images.xcassets */ = {isa = PBXFileReference; lastKnownFileType = folder.assetcatalog; path = Images.xcassets; sourceTree = "<group>"; };
		F718BCE71A6DCA9E001C3E1D /* Base */ = {isa = PBXFileReference; lastKnownFileType = file.xib; name = Base; path = Base.lproj/LaunchScreen.xib; sourceTree = "<group>"; };
		F718BCED1A6DCA9E001C3E1D /* cs198MP1Tests.xctest */ = {isa = PBXFileReference; explicitFileType = wrapper.cfbundle; includeInIndex = 0; path = cs198MP1Tests.xctest; sourceTree = BUILT_PRODUCTS_DIR; };
		F718BCF21A6DCA9E001C3E1D /* Info.plist */ = {isa = PBXFileReference; lastKnownFileType = text.plist.xml; path = Info.plist; sourceTree = "<group>"; };
		F718BCF31A6DCA9E001C3E1D /* cs198MP1Tests.m */ = {isa = PBXFileReference; lastKnownFileType = sourcecode.c.objc; path = cs198MP1Tests.m; sourceTree = "<group>"; };
		F718BCFD1A6DCC13001C3E1D /* card.m */ = {isa = PBXFileReference; fileEncoding = 4; lastKnownFileType = sourcecode.c.objc; path = card.m; sourceTree = "<group>"; };
		F718BCFF1A6DCC2D001C3E1D /* card.h */ = {isa = PBXFileReference; lastKnownFileType = sourcecode.c.h; path = card.h; sourceTree = "<group>"; };
		F718BD011A6DCF07001C3E1D /* Deck.h */ = {isa = PBXFileReference; lastKnownFileType = sourcecode.c.h; path = Deck.h; sourceTree = "<group>"; };
		F718BD021A6DCF23001C3E1D /* Deck.m */ = {isa = PBXFileReference; fileEncoding = 4; lastKnownFileType = sourcecode.c.objc; path = Deck.m; sourceTree = "<group>"; };
/* End PBXFileReference section */

/* Begin PBXFrameworksBuildPhase section */
		F718BCCE1A6DCA9E001C3E1D /* Frameworks */ = {
			isa = PBXFrameworksBuildPhase;
			buildActionMask = 2147483647;
			files = (
			);
			runOnlyForDeploymentPostprocessing = 0;
		};
		F718BCEA1A6DCA9E001C3E1D /* Frameworks */ = {
			isa = PBXFrameworksBuildPhase;
			buildActionMask = 2147483647;
			files = (
			);
			runOnlyForDeploymentPostprocessing = 0;
		};
/* End PBXFrameworksBuildPhase section */

/* Begin PBXGroup section */
		F718BCC81A6DCA9E001C3E1D = {
			isa = PBXGroup;
			children = (
				F718BCD31A6DCA9E001C3E1D /* cs198MP1 */,
				F718BCF01A6DCA9E001C3E1D /* cs198MP1Tests */,
				F718BCD21A6DCA9E001C3E1D /* Products */,
			);
			sourceTree = "<group>";
		};
		F718BCD21A6DCA9E001C3E1D /* Products */ = {
			isa = PBXGroup;
			children = (
				F718BCD11A6DCA9E001C3E1D /* cs198MP1.app */,
				F718BCED1A6DCA9E001C3E1D /* cs198MP1Tests.xctest */,
			);
			name = Products;
			sourceTree = "<group>";
		};
		F718BCD31A6DCA9E001C3E1D /* cs198MP1 */ = {
			isa = PBXGroup;
			children = (
				F718BCDE1A6DCA9E001C3E1D /* ViewController.h */,
				F718BD001A6DCC37001C3E1D /* Model */,
				F718BCDF1A6DCA9E001C3E1D /* ViewController.m */,
				F718BCE11A6DCA9E001C3E1D /* Main.storyboard */,
				F718BCE41A6DCA9E001C3E1D /* Images.xcassets */,
				F718BCE61A6DCA9E001C3E1D /* LaunchScreen.xib */,
				F718BCDB1A6DCA9E001C3E1D /* cs198MP1.xcdatamodeld */,
				F718BCD41A6DCA9E001C3E1D /* Supporting Files */,
			);
			path = cs198MP1;
			sourceTree = "<group>";
		};
		F718BCD41A6DCA9E001C3E1D /* Supporting Files */ = {
			isa = PBXGroup;
			children = (
				F718BCD91A6DCA9E001C3E1D /* AppDelegate.m */,
				F718BCD81A6DCA9E001C3E1D /* AppDelegate.h */,
				F718BCD51A6DCA9E001C3E1D /* Info.plist */,
				F718BCD61A6DCA9E001C3E1D /* main.m */,
			);
			name = "Supporting Files";
			sourceTree = "<group>";
		};
		F718BCF01A6DCA9E001C3E1D /* cs198MP1Tests */ = {
			isa = PBXGroup;
			children = (
				F718BCF31A6DCA9E001C3E1D /* cs198MP1Tests.m */,
				F718BCF11A6DCA9E001C3E1D /* Supporting Files */,
			);
			path = cs198MP1Tests;
			sourceTree = "<group>";
		};
		F718BCF11A6DCA9E001C3E1D /* Supporting Files */ = {
			isa = PBXGroup;
			children = (
				F718BCF21A6DCA9E001C3E1D /* Info.plist */,
			);
			name = "Supporting Files";
			sourceTree = "<group>";
		};
		F718BD001A6DCC37001C3E1D /* Model */ = {
			isa = PBXGroup;
			children = (
				F718BCFF1A6DCC2D001C3E1D /* card.h */,
				F718BCFD1A6DCC13001C3E1D /* card.m */,
				F718BD011A6DCF07001C3E1D /* Deck.h */,
				F718BD021A6DCF23001C3E1D /* Deck.m */,
			);
			name = Model;
			sourceTree = "<group>";
		};
/* End PBXGroup section */

/* Begin PBXNativeTarget section */
		F718BCD01A6DCA9E001C3E1D /* cs198MP1 */ = {
			isa = PBXNativeTarget;
			buildConfigurationList = F718BCF71A6DCA9E001C3E1D /* Build configuration list for PBXNativeTarget "cs198MP1" */;
			buildPhases = (
				F718BCCD1A6DCA9E001C3E1D /* Sources */,
				F718BCCE1A6DCA9E001C3E1D /* Frameworks */,
				F718BCCF1A6DCA9E001C3E1D /* Resources */,
			);
			buildRules = (
			);
			dependencies = (
			);
			name = cs198MP1;
			productName = cs198MP1;
			productReference = F718BCD11A6DCA9E001C3E1D /* cs198MP1.app */;
			productType = "com.apple.product-type.application";
		};
		F718BCEC1A6DCA9E001C3E1D /* cs198MP1Tests */ = {
			isa = PBXNativeTarget;
			buildConfigurationList = F718BCFA1A6DCA9E001C3E1D /* Build configuration list for PBXNativeTarget "cs198MP1Tests" */;
			buildPhases = (
				F718BCE91A6DCA9E001C3E1D /* Sources */,
				F718BCEA1A6DCA9E001C3E1D /* Frameworks */,
				F718BCEB1A6DCA9E001C3E1D /* Resources */,
			);
			buildRules = (
			);
			dependencies = (
				F718BCEF1A6DCA9E001C3E1D /* PBXTargetDependency */,
			);
			name = cs198MP1Tests;
			productName = cs198MP1Tests;
			productReference = F718BCED1A6DCA9E001C3E1D /* cs198MP1Tests.xctest */;
			productType = "com.apple.product-type.bundle.unit-test";
		};
/* End PBXNativeTarget section */

/* Begin PBXProject section */
		F718BCC91A6DCA9E001C3E1D /* Project object */ = {
			isa = PBXProject;
			attributes = {
				LastUpgradeCheck = 0610;
				ORGANIZATIONNAME = Simin;
				TargetAttributes = {
					F718BCD01A6DCA9E001C3E1D = {
						CreatedOnToolsVersion = 6.1.1;
					};
					F718BCEC1A6DCA9E001C3E1D = {
						CreatedOnToolsVersion = 6.1.1;
						TestTargetID = F718BCD01A6DCA9E001C3E1D;
					};
				};
			};
			buildConfigurationList = F718BCCC1A6DCA9E001C3E1D /* Build configuration list for PBXProject "cs198MP1" */;
			compatibilityVersion = "Xcode 3.2";
			developmentRegion = English;
			hasScannedForEncodings = 0;
			knownRegions = (
				en,
				Base,
			);
			mainGroup = F718BCC81A6DCA9E001C3E1D;
			productRefGroup = F718BCD21A6DCA9E001C3E1D /* Products */;
			projectDirPath = "";
			projectRoot = "";
			targets = (
				F718BCD01A6DCA9E001C3E1D /* cs198MP1 */,
				F718BCEC1A6DCA9E001C3E1D /* cs198MP1Tests */,
			);
		};
/* End PBXProject section */

/* Begin PBXResourcesBuildPhase section */
		F718BCCF1A6DCA9E001C3E1D /* Resources */ = {
			isa = PBXResourcesBuildPhase;
			buildActionMask = 2147483647;
			files = (
				F718BCE31A6DCA9E001C3E1D /* Main.storyboard in Resources */,
				F718BCE81A6DCA9E001C3E1D /* LaunchScreen.xib in Resources */,
				F718BCE51A6DCA9E001C3E1D /* Images.xcassets in Resources */,
			);
			runOnlyForDeploymentPostprocessing = 0;
		};
		F718BCEB1A6DCA9E001C3E1D /* Resources */ = {
			isa = PBXResourcesBuildPhase;
			buildActionMask = 2147483647;
			files = (
			);
			runOnlyForDeploymentPostprocessing = 0;
		};
/* End PBXResourcesBuildPhase section */

/* Begin PBXSourcesBuildPhase section */
		F718BCCD1A6DCA9E001C3E1D /* Sources */ = {
			isa = PBXSourcesBuildPhase;
			buildActionMask = 2147483647;
			files = (
				F718BCFE1A6DCC13001C3E1D /* card.m in Sources */,
				F718BCDA1A6DCA9E001C3E1D /* AppDelegate.m in Sources */,
				F718BCD71A6DCA9E001C3E1D /* main.m in Sources */,
				F718BCE01A6DCA9E001C3E1D /* ViewController.m in Sources */,
				F718BD031A6DCF23001C3E1D /* Deck.m in Sources */,
				F718BCDD1A6DCA9E001C3E1D /* cs198MP1.xcdatamodeld in Sources */,
			);
			runOnlyForDeploymentPostprocessing = 0;
		};
		F718BCE91A6DCA9E001C3E1D /* Sources */ = {
			isa = PBXSourcesBuildPhase;
			buildActionMask = 2147483647;
			files = (
				F718BCF41A6DCA9E001C3E1D /* cs198MP1Tests.m in Sources */,
			);
			runOnlyForDeploymentPostprocessing = 0;
		};
/* End PBXSourcesBuildPhase section */

/* Begin PBXTargetDependency section */
		F718BCEF1A6DCA9E001C3E1D /* PBXTargetDependency */ = {
			isa = PBXTargetDependency;
			target = F718BCD01A6DCA9E001C3E1D /* cs198MP1 */;
			targetProxy = F718BCEE1A6DCA9E001C3E1D /* PBXContainerItemProxy */;
		};
/* End PBXTargetDependency section */

/* Begin PBXVariantGroup section */
		F718BCE11A6DCA9E001C3E1D /* Main.storyboard */ = {
			isa = PBXVariantGroup;
			children = (
				F718BCE21A6DCA9E001C3E1D /* Base */,
			);
			name = Main.storyboard;
			sourceTree = "<group>";
		};
		F718BCE61A6DCA9E001C3E1D /* LaunchScreen.xib */ = {
			isa = PBXVariantGroup;
			children = (
				F718BCE71A6DCA9E001C3E1D /* Base */,
			);
			name = LaunchScreen.xib;
			sourceTree = "<group>";
		};
/* End PBXVariantGroup section */

/* Begin XCBuildConfiguration section */
		F718BCF51A6DCA9E001C3E1D /* Debug */ = {
			isa = XCBuildConfiguration;
			buildSettings = {
				ALWAYS_SEARCH_USER_PATHS = NO;
				CLANG_CXX_LANGUAGE_STANDARD = "gnu++0x";
				CLANG_CXX_LIBRARY = "libc++";
				CLANG_ENABLE_MODULES = YES;
				CLANG_ENABLE_OBJC_ARC = YES;
				CLANG_WARN_BOOL_CONVERSION = YES;
				CLANG_WARN_CONSTANT_CONVERSION = YES;
				CLANG_WARN_DIRECT_OBJC_ISA_USAGE = YES_ERROR;
				CLANG_WARN_EMPTY_BODY = YES;
				CLANG_WARN_ENUM_CONVERSION = YES;
				CLANG_WARN_INT_CONVERSION = YES;
				CLANG_WARN_OBJC_ROOT_CLASS = YES_ERROR;
				CLANG_WARN_UNREACHABLE_CODE = YES;
				CLANG_WARN__DUPLICATE_METHOD_MATCH = YES;
				"CODE_SIGN_IDENTITY[sdk=iphoneos*]" = "iPhone Developer";
				COPY_PHASE_STRIP = NO;
				ENABLE_STRICT_OBJC_MSGSEND = YES;
				GCC_C_LANGUAGE_STANDARD = gnu99;
				GCC_DYNAMIC_NO_PIC = NO;
				GCC_OPTIMIZATION_LEVEL = 0;
				GCC_PREPROCESSOR_DEFINITIONS = (
					"DEBUG=1",
					"$(inherited)",
				);
				GCC_SYMBOLS_PRIVATE_EXTERN = NO;
				GCC_WARN_64_TO_32_BIT_CONVERSION = YES;
				GCC_WARN_ABOUT_RETURN_TYPE = YES_ERROR;
				GCC_WARN_UNDECLARED_SELECTOR = YES;
				GCC_WARN_UNINITIALIZED_AUTOS = YES_AGGRESSIVE;
				GCC_WARN_UNUSED_FUNCTION = YES;
				GCC_WARN_UNUSED_VARIABLE = YES;
				IPHONEOS_DEPLOYMENT_TARGET = 8.1;
				MTL_ENABLE_DEBUG_INFO = YES;
				ONLY_ACTIVE_ARCH = YES;
				SDKROOT = iphoneos;
			};
			name = Debug;
		};
		F718BCF61A6DCA9E001C3E1D /* Release */ = {
			isa = XCBuildConfiguration;
			buildSettings = {
				ALWAYS_SEARCH_USER_PATHS = NO;
				CLANG_CXX_LANGUAGE_STANDARD = "gnu++0x";
				CLANG_CXX_LIBRARY = "libc++";
				CLANG_ENABLE_MODULES = YES;
				CLANG_ENABLE_OBJC_ARC = YES;
				CLANG_WARN_BOOL_CONVERSION = YES;
				CLANG_WARN_CONSTANT_CONVERSION = YES;
				CLANG_WARN_DIRECT_OBJC_ISA_USAGE = YES_ERROR;
				CLANG_WARN_EMPTY_BODY = YES;
				CLANG_WARN_ENUM_CONVERSION = YES;
				CLANG_WARN_INT_CONVERSION = YES;
				CLANG_WARN_OBJC_ROOT_CLASS = YES_ERROR;
				CLANG_WARN_UNREACHABLE_CODE = YES;
				CLANG_WARN__DUPLICATE_METHOD_MATCH = YES;
				"CODE_SIGN_IDENTITY[sdk=iphoneos*]" = "iPhone Developer";
				COPY_PHASE_STRIP = YES;
				ENABLE_NS_ASSERTIONS = NO;
				ENABLE_STRICT_OBJC_MSGSEND = YES;
				GCC_C_LANGUAGE_STANDARD = gnu99;
				GCC_WARN_64_TO_32_BIT_CONVERSION = YES;
				GCC_WARN_ABOUT_RETURN_TYPE = YES_ERROR;
				GCC_WARN_UNDECLARED_SELECTOR = YES;
				GCC_WARN_UNINITIALIZED_AUTOS = YES_AGGRESSIVE;
				GCC_WARN_UNUSED_FUNCTION = YES;
				GCC_WARN_UNUSED_VARIABLE = YES;
				IPHONEOS_DEPLOYMENT_TARGET = 8.1;
				MTL_ENABLE_DEBUG_INFO = NO;
				SDKROOT = iphoneos;
				VALIDATE_PRODUCT = YES;
			};
			name = Release;
		};
		F718BCF81A6DCA9E001C3E1D /* Debug */ = {
			isa = XCBuildConfiguration;
			buildSettings = {
				ASSETCATALOG_COMPILER_APPICON_NAME = AppIcon;
				INFOPLIST_FILE = cs198MP1/Info.plist;
				LD_RUNPATH_SEARCH_PATHS = "$(inherited) @executable_path/Frameworks";
				PRODUCT_NAME = "$(TARGET_NAME)";
			};
			name = Debug;
		};
		F718BCF91A6DCA9E001C3E1D /* Release */ = {
			isa = XCBuildConfiguration;
			buildSettings = {
				ASSETCATALOG_COMPILER_APPICON_NAME = AppIcon;
				INFOPLIST_FILE = cs198MP1/Info.plist;
				LD_RUNPATH_SEARCH_PATHS = "$(inherited) @executable_path/Frameworks";
				PRODUCT_NAME = "$(TARGET_NAME)";
			};
			name = Release;
		};
		F718BCFB1A6DCA9E001C3E1D /* Debug */ = {
			isa = XCBuildConfiguration;
			buildSettings = {
				BUNDLE_LOADER = "$(TEST_HOST)";
				FRAMEWORK_SEARCH_PATHS = (
					"$(SDKROOT)/Developer/Library/Frameworks",
					"$(inherited)",
				);
				GCC_PREPROCESSOR_DEFINITIONS = (
					"DEBUG=1",
					"$(inherited)",
				);
				INFOPLIST_FILE = cs198MP1Tests/Info.plist;
				LD_RUNPATH_SEARCH_PATHS = "$(inherited) @executable_path/Frameworks @loader_path/Frameworks";
				PRODUCT_NAME = "$(TARGET_NAME)";
				TEST_HOST = "$(BUILT_PRODUCTS_DIR)/cs198MP1.app/cs198MP1";
			};
			name = Debug;
		};
		F718BCFC1A6DCA9E001C3E1D /* Release */ = {
			isa = XCBuildConfiguration;
			buildSettings = {
				BUNDLE_LOADER = "$(TEST_HOST)";
				FRAMEWORK_SEARCH_PATHS = (
					"$(SDKROOT)/Developer/Library/Frameworks",
					"$(inherited)",
				);
				INFOPLIST_FILE = cs198MP1Tests/Info.plist;
				LD_RUNPATH_SEARCH_PATHS = "$(inherited) @executable_path/Frameworks @loader_path/Frameworks";
				PRODUCT_NAME = "$(TARGET_NAME)";
				TEST_HOST = "$(BUILT_PRODUCTS_DIR)/cs198MP1.app/cs198MP1";
			};
			name = Release;
		};
/* End XCBuildConfiguration section */

/* Begin XCConfigurationList section */
		F718BCCC1A6DCA9E001C3E1D /* Build configuration list for PBXProject "cs198MP1" */ = {
			isa = XCConfigurationList;
			buildConfigurations = (
				F718BCF51A6DCA9E001C3E1D /* Debug */,
				F718BCF61A6DCA9E001C3E1D /* Release */,
			);
			defaultConfigurationIsVisible = 0;
			defaultConfigurationName = Release;
		};
		F718BCF71A6DCA9E001C3E1D /* Build configuration list for PBXNativeTarget "cs198MP1" */ = {
			isa = XCConfigurationList;
			buildConfigurations = (
				F718BCF81A6DCA9E001C3E1D /* Debug */,
				F718BCF91A6DCA9E001C3E1D /* Release */,
			);
			defaultConfigurationIsVisible = 0;
		};
		F718BCFA1A6DCA9E001C3E1D /* Build configuration list for PBXNativeTarget "cs198MP1Tests" */ = {
			isa = XCConfigurationList;
			buildConfigurations = (
				F718BCFB1A6DCA9E001C3E1D /* Debug */,
				F718BCFC1A6DCA9E001C3E1D /* Release */,
			);
			defaultConfigurationIsVisible = 0;
		};
/* End XCConfigurationList section */

/* Begin XCVersionGroup section */
		F718BCDB1A6DCA9E001C3E1D /* cs198MP1.xcdatamodeld */ = {
			isa = XCVersionGroup;
			children = (
				F718BCDC1A6DCA9E001C3E1D /* cs198MP1.xcdatamodel */,
			);
			currentVersion = F718BCDC1A6DCA9E001C3E1D /* cs198MP1.xcdatamodel */;
			path = cs198MP1.xcdatamodeld;
			sourceTree = "<group>";
			versionGroupType = wrapper.xcdatamodel;
		};
/* End XCVersionGroup section */
	};
	rootObject = F718BCC91A6DCA9E001C3E1D /* Project object */;
}
